<?xml version="1.0" encoding="utf-8"?>
<Project ToolsVersion="4.0" xmlns="http://schemas.microsoft.com/developer/msbuild/2003">
  <ItemGroup>
    <ClCompile Include="main.cpp" />
    <ClCompile Include="monsters\AngelTurtle.cpp">
      <Filter>Monsters</Filter>
    </ClCompile>
    <ClCompile Include="monsters\BlueGoomba.cpp">
      <Filter>Monsters</Filter>
    </ClCompile>
    <ClCompile Include="monsters\Bowser.cpp">
      <Filter>Monsters</Filter>
    </ClCompile>
    <ClCompile Include="monsters\BrownTurtle.cpp">
      <Filter>Monsters</Filter>
    </ClCompile>
    <ClCompile Include="monsters\Goomba.cpp">
      <Filter>Monsters</Filter>
    </ClCompile>
    <ClCompile Include="monsters\GreenTurtle.cpp">
      <Filter>Monsters</Filter>
    </ClCompile>
    <ClCompile Include="monsters\Monster.cpp">
      <Filter>Monsters</Filter>
    </ClCompile>
    <ClCompile Include="items\Flower.cpp">
      <Filter>Items</Filter>
    </ClCompile>
    <ClCompile Include="items\Item.cpp">
      <Filter>Items</Filter>
    </ClCompile>
    <ClCompile Include="items\Mushroom.cpp">
      <Filter>Items</Filter>
    </ClCompile>
    <ClCompile Include="items\Tino.cpp">
      <Filter>Items</Filter>
    </ClCompile>
    <ClCompile Include="items\UpMushroom.cpp">
      <Filter>Items</Filter>
    </ClCompile>
    <ClCompile Include="monsters\RedGoomba.cpp">
      <Filter>Monsters</Filter>
    </ClCompile>
    <ClCompile Include="monsters\NormalGoomba.cpp">
      <Filter>Monsters</Filter>
    </ClCompile>
    <ClCompile Include="NetworkManager\NetworkManager.cpp">
      <Filter>NetworkManager</Filter>
    </ClCompile>
    <ClCompile Include="PacketManager.cpp">
      <Filter>NetworkManager</Filter>
    </ClCompile>
    <ClCompile Include="Particles\Fireball.cpp">
      <Filter>Particles</Filter>
    </ClCompile>
    <ClCompile Include="Particles\Particle.cpp">
      <Filter>Particles</Filter>
    </ClCompile>
    <ClCompile Include="monsters\Turtle.cpp">
      <Filter>Monsters</Filter>
    </ClCompile>
    <ClCompile Include="Particles\PlayerFireball.cpp">
      <Filter>Particles</Filter>
    </ClCompile>
    <ClCompile Include="Particles\TinoFireball.cpp">
      <Filter>Particles</Filter>
    </ClCompile>
    <ClCompile Include="Particles\TinoFireballEffect.cpp">
      <Filter>Particles</Filter>
    </ClCompile>
    <ClCompile Include="items\Star.cpp">
      <Filter>Items</Filter>
    </ClCompile>
    <ClCompile Include="GameRender.cpp">
      <Filter>Render</Filter>
    </ClCompile>
    <ClCompile Include="Sound.cpp">
      <Filter>Render</Filter>
    </ClCompile>
    <ClCompile Include="GameWorld.cpp">
      <Filter>Game</Filter>
    </ClCompile>
    <ClCompile Include="Player.cpp">
      <Filter>Game</Filter>
    </ClCompile>
  </ItemGroup>
  <ItemGroup>
    <ClInclude Include="monsters\AngelTurtle.h">
      <Filter>Monsters</Filter>
    </ClInclude>
    <ClInclude Include="monsters\BlueGoomba.h">
      <Filter>Monsters</Filter>
    </ClInclude>
    <ClInclude Include="monsters\Bowser.h">
      <Filter>Monsters</Filter>
    </ClInclude>
    <ClInclude Include="monsters\BrownTurtle.h">
      <Filter>Monsters</Filter>
    </ClInclude>
    <ClInclude Include="monsters\Goomba.h">
      <Filter>Monsters</Filter>
    </ClInclude>
    <ClInclude Include="monsters\GreenTurtle.h">
      <Filter>Monsters</Filter>
    </ClInclude>
    <ClInclude Include="monsters\Monster.h">
      <Filter>Monsters</Filter>
    </ClInclude>
    <ClInclude Include="items\Flower.h">
      <Filter>Items</Filter>
    </ClInclude>
    <ClInclude Include="items\Item.h">
      <Filter>Items</Filter>
    </ClInclude>
    <ClInclude Include="items\Mushroom.h">
      <Filter>Items</Filter>
    </ClInclude>
    <ClInclude Include="items\Tino.h">
      <Filter>Items</Filter>
    </ClInclude>
    <ClInclude Include="items\UpMushroom.h">
      <Filter>Items</Filter>
    </ClInclude>
    <ClInclude Include="monsters\RedGoomba.h">
      <Filter>Monsters</Filter>
    </ClInclude>
    <ClInclude Include="monsters\NormalGoomba.h">
      <Filter>Monsters</Filter>
    </ClInclude>
    <ClInclude Include="NetworkManager\NetworkManager.h">
      <Filter>NetworkManager</Filter>
    </ClInclude>
    <ClInclude Include="PacketInfo.h">
      <Filter>NetworkManager</Filter>
    </ClInclude>
    <ClInclude Include="NetworkManager\ThreadSafeQueue.h">
      <Filter>NetworkManager</Filter>
    </ClInclude>
    <ClInclude Include="Particles\Fireball.h">
      <Filter>Particles</Filter>
    </ClInclude>
    <ClInclude Include="Particles\Particle.h">
      <Filter>Particles</Filter>
    </ClInclude>
    <ClInclude Include="Resource_WINAPI\resource.h">
      <Filter>Resource_win</Filter>
    </ClInclude>
    <ClInclude Include="Resource_WINAPI\resource1.h">
      <Filter>Resource_win</Filter>
    </ClInclude>
    <ClInclude Include="Resource_WINAPI\targetver.h">
      <Filter>Resource_win</Filter>
    </ClInclude>
    <ClInclude Include="monsters\Turtle.h">
      <Filter>Monsters</Filter>
    </ClInclude>
    <ClInclude Include="Particles\PlayerFireball.h">
      <Filter>Particles</Filter>
    </ClInclude>
    <ClInclude Include="Particles\TinoFireball.h">
      <Filter>Particles</Filter>
    </ClInclude>
    <ClInclude Include="Particles\TinoFireballEffect.h">
      <Filter>Particles</Filter>
    </ClInclude>
    <ClInclude Include="items\Star.h">
      <Filter>Items</Filter>
    </ClInclude>
    <ClInclude Include="GameRender.h">
      <Filter>Render</Filter>
    </ClInclude>
    <ClInclude Include="Sound.h">
      <Filter>Render</Filter>
    </ClInclude>
    <ClInclude Include="GameWorld.h">
      <Filter>Game</Filter>
    </ClInclude>
    <ClInclude Include="Player.h">
      <Filter>Game</Filter>
    </ClInclude>
  </ItemGroup>
  <ItemGroup>
    <ResourceCompile Include="Resource_WINAPI\Resource.rc">
      <Filter>Resource_win</Filter>
    </ResourceCompile>
    <ResourceCompile Include="Resource_WINAPI\mario.rc">
      <Filter>Resource_win</Filter>
    </ResourceCompile>
  </ItemGroup>
  <ItemGroup>
    <Image Include="Resource_WINAPI\small.ico">
      <Filter>Resource_win</Filter>
    </Image>
    <Image Include="Resource_WINAPI\mario.ico">
      <Filter>Resource_win</Filter>
    </Image>
  </ItemGroup>
  <ItemGroup>
    <Filter Include="Monsters">
      <UniqueIdentifier>{83bdba36-c11a-4f1e-b13c-59d93ee377c1}</UniqueIdentifier>
    </Filter>
    <Filter Include="Items">
      <UniqueIdentifier>{ff1fdcd4-2c7d-4fb0-9013-c1e63818b06b}</UniqueIdentifier>
    </Filter>
    <Filter Include="NetworkManager">
      <UniqueIdentifier>{3144ed05-5003-487e-a373-09051c9b3d2e}</UniqueIdentifier>
    </Filter>
    <Filter Include="Resource_win">
      <UniqueIdentifier>{71956ee8-f215-4da9-8ca2-10a0d889756d}</UniqueIdentifier>
    </Filter>
    <Filter Include="Particles">
      <UniqueIdentifier>{0440ec8d-5ee0-4456-9a06-6a4b02a8ffe1}</UniqueIdentifier>
    </Filter>
    <Filter Include="Render">
      <UniqueIdentifier>{ffd3d11b-5bbe-4664-ab8d-05601b4b1a0e}</UniqueIdentifier>
    </Filter>
    <Filter Include="Game">
      <UniqueIdentifier>{c25a0a3b-badb-419d-a8c1-121e74c79621}</UniqueIdentifier>
    </Filter>
  </ItemGroup>
  <ItemGroup>
    <None Include="Resource_WINAPI\mario.aps">
      <Filter>Resource_win</Filter>
    </None>
  </ItemGroup>
</Project>