<?xml version="1.0" encoding="utf-8"?>
<Project ToolsVersion="4.0" xmlns="http://schemas.microsoft.com/developer/msbuild/2003">
  <ItemGroup>
    <ClCompile Include="GameRender.cpp" />
    <ClCompile Include="GameWorld.cpp" />
    <ClCompile Include="Player.cpp" />
    <ClCompile Include="monsters\Goomba.cpp">
      <Filter>Monster</Filter>
    </ClCompile>
    <ClCompile Include="monsters\Turtle.cpp">
      <Filter>Monster</Filter>
    </ClCompile>
    <ClCompile Include="main.cpp" />
    <ClCompile Include="monsters\AngelTurtle.cpp">
      <Filter>Monster</Filter>
    </ClCompile>
    <ClCompile Include="monsters\Bowser.cpp">
      <Filter>Monster</Filter>
    </ClCompile>
    <ClCompile Include="monsters\BlueGoomba.cpp">
      <Filter>Monster</Filter>
    </ClCompile>
    <ClCompile Include="monsters\BrownTurtle.cpp">
      <Filter>Monster</Filter>
    </ClCompile>
    <ClCompile Include="monsters\GreenTurtle.cpp">
      <Filter>Monster</Filter>
    </ClCompile>
    <ClCompile Include="monsters\NormalGoomba.cpp">
      <Filter>Monster</Filter>
    </ClCompile>
    <ClCompile Include="monsters\RedGoomba.cpp">
      <Filter>Monster</Filter>
    </ClCompile>
    <ClCompile Include="Sound.cpp" />
    <ClCompile Include="items\Tino.cpp">
      <Filter>Item</Filter>
    </ClCompile>
    <ClCompile Include="items\UpMushroom.cpp">
      <Filter>Item</Filter>
    </ClCompile>
    <ClCompile Include="items\Star.cpp">
      <Filter>Item</Filter>
    </ClCompile>
    <ClCompile Include="items\Flower.cpp">
      <Filter>Item</Filter>
    </ClCompile>
    <ClCompile Include="items\Mushroom.cpp">
      <Filter>Item</Filter>
    </ClCompile>
    <ClCompile Include="monsters\Monster.cpp">
      <Filter>Monster</Filter>
    </ClCompile>
    <ClCompile Include="Particles\Fireball.cpp">
      <Filter>Particles</Filter>
    </ClCompile>
    <ClCompile Include="items\Item.cpp">
      <Filter>Item</Filter>
    </ClCompile>
    <ClCompile Include="Particles\PlayerFireball.cpp">
      <Filter>Particles</Filter>
    </ClCompile>
    <ClCompile Include="Particles\Particle.cpp">
      <Filter>Particles</Filter>
    </ClCompile>
    <ClCompile Include="Particles\TinoFireball.cpp">
      <Filter>Particles</Filter>
    </ClCompile>
    <ClCompile Include="Particles\TinoFireballEffect.cpp">
      <Filter>Particles</Filter>
    </ClCompile>
    <ClCompile Include="NetworkManager\NetworkManager.cpp">
      <Filter>NetworkManager</Filter>
    </ClCompile>
  </ItemGroup>
  <ItemGroup>
    <ClInclude Include="GameRender.h" />
    <ClInclude Include="GameWorld.h" />
    <ClInclude Include="Player.h" />
    <ClInclude Include="monsters\Goomba.h">
      <Filter>Monster</Filter>
    </ClInclude>
    <ClInclude Include="monsters\AngelTurtle.h">
      <Filter>Monster</Filter>
    </ClInclude>
    <ClInclude Include="monsters\Bowser.h">
      <Filter>Monster</Filter>
    </ClInclude>
    <ClInclude Include="monsters\BlueGoomba.h">
      <Filter>Monster</Filter>
    </ClInclude>
    <ClInclude Include="monsters\BrownTurtle.h">
      <Filter>Monster</Filter>
    </ClInclude>
    <ClInclude Include="monsters\GreenTurtle.h">
      <Filter>Monster</Filter>
    </ClInclude>
    <ClInclude Include="monsters\NormalGoomba.h">
      <Filter>Monster</Filter>
    </ClInclude>
    <ClInclude Include="monsters\RedGoomba.h">
      <Filter>Monster</Filter>
    </ClInclude>
    <ClInclude Include="Sound.h" />
    <ClInclude Include="monsters\Turtle.h">
      <Filter>Monster</Filter>
    </ClInclude>
    <ClInclude Include="items\Tino.h">
      <Filter>Item</Filter>
    </ClInclude>
    <ClInclude Include="items\UpMushroom.h">
      <Filter>Item</Filter>
    </ClInclude>
    <ClInclude Include="items\Star.h">
      <Filter>Item</Filter>
    </ClInclude>
    <ClInclude Include="items\Flower.h">
      <Filter>Item</Filter>
    </ClInclude>
    <ClInclude Include="items\Mushroom.h">
      <Filter>Item</Filter>
    </ClInclude>
    <ClInclude Include="monsters\Monster.h">
      <Filter>Monster</Filter>
    </ClInclude>
    <ClInclude Include="Particles\Fireball.h">
      <Filter>Particles</Filter>
    </ClInclude>
    <ClInclude Include="Resource_WINAPI\resource.h">
      <Filter>Resource_WINAPI</Filter>
    </ClInclude>
    <ClInclude Include="Resource_WINAPI\resource1.h">
      <Filter>Resource_WINAPI</Filter>
    </ClInclude>
    <ClInclude Include="Resource_WINAPI\targetver.h">
      <Filter>Resource_WINAPI</Filter>
    </ClInclude>
    <ClInclude Include="Particles\PlayerFireball.h">
      <Filter>Particles</Filter>
    </ClInclude>
    <ClInclude Include="Particles\Particle.h">
      <Filter>Particles</Filter>
    </ClInclude>
    <ClInclude Include="items\Item.h">
      <Filter>Item</Filter>
    </ClInclude>
    <ClInclude Include="Particles\TinoFireball.h">
      <Filter>Particles</Filter>
    </ClInclude>
    <ClInclude Include="Particles\TinoFireballEffect.h">
      <Filter>Particles</Filter>
    </ClInclude>
    <ClInclude Include="NetworkManager\ThreadSafeQueue.h">
      <Filter>NetworkManager</Filter>
    </ClInclude>
    <ClInclude Include="NetworkManager\NetworkManager.h">
      <Filter>NetworkManager</Filter>
    </ClInclude>
  </ItemGroup>
  <ItemGroup>
    <Filter Include="Monster">
      <UniqueIdentifier>{734c746c-c557-4206-b00a-ecdd6415f06b}</UniqueIdentifier>
    </Filter>
    <Filter Include="Item">
      <UniqueIdentifier>{622d8485-0572-4429-a4e8-527be9fb0dd0}</UniqueIdentifier>
    </Filter>
    <Filter Include="NetworkManager">
      <UniqueIdentifier>{263149e1-3ca7-45dd-8e4a-665d421f0b07}</UniqueIdentifier>
    </Filter>
    <Filter Include="Particles">
      <UniqueIdentifier>{1ee2e47b-80d5-44a1-b3ba-456f241cda68}</UniqueIdentifier>
    </Filter>
    <Filter Include="Resource_WINAPI">
      <UniqueIdentifier>{7fce8dc8-5f46-4479-aa3c-261256abc067}</UniqueIdentifier>
    </Filter>
  </ItemGroup>
  <ItemGroup>
    <Image Include="Resource_WINAPI\mario.ico" />
    <Image Include="Resource_WINAPI\small.ico">
      <Filter>Resource_WINAPI</Filter>
    </Image>
  </ItemGroup>
  <ItemGroup>
    <ResourceCompile Include="Resource_WINAPI\mario.rc" />
    <ResourceCompile Include="Resource_WINAPI\Resource.rc">
      <Filter>Resource_WINAPI</Filter>
    </ResourceCompile>
  </ItemGroup>
  <ItemGroup>
    <None Include="Resource_WINAPI\mario.aps" />
  </ItemGroup>
</Project>